
Microsoft Visual Studio Solution File, Format Version 12.00
# Visual Studio Version 17
VisualStudioVersion = 17.5.33424.131
MinimumVisualStudioVersion = 10.0.40219.1
Project("{FAE04EC0-301F-11D3-BF4B-00C04F79EFBC}") = "Project1", "Project1.csproj", "{501616FC-13DD-4BF2-911A-425D902A2BFC}"
EndProject
Global
	GlobalSection(SolutionConfigurationPlatforms) = preSolution
		Debug|Any CPU = Debug|Any CPU
		Release|Any CPU = Release|Any CPU
	EndGlobalSection
	GlobalSection(ProjectConfigurationPlatforms) = postSolution
		{501616FC-13DD-4BF2-911A-425D902A2BFC}.Debug|Any CPU.ActiveCfg = Debug|Any CPU
		{501616FC-13DD-4BF2-911A-425D902A2BFC}.Debug|Any CPU.Build.0 = Debug|Any CPU
		{501616FC-13DD-4BF2-911A-425D902A2BFC}.Release|Any CPU.ActiveCfg = Release|Any CPU
		{501616FC-13DD-4BF2-911A-425D902A2BFC}.Release|Any CPU.Build.0 = Release|Any CPU
	EndGlobalSection
	GlobalSection(SolutionProperties) = preSolution
		HideSolutionNode = FALSE
	EndGlobalSection
	GlobalSection(ExtensibilityGlobals) = postSolution
		SolutionGuid = {CBDE007A-728B-4819-9C4F-81EF707106F8}
	EndGlobalSection
EndGlobal
